
Microsoft Visual Studio Solution File, Format Version 12.00
# Visual Studio 14
VisualStudioVersion = 14.0.25420.1
MinimumVisualStudioVersion = 10.0.40219.1
Project("{2150E333-8FDC-42A3-9474-1A3956D46DE8}") = "Solution Items", "Solution Items", "{B52BC80C-35FC-460C-9E02-D9220A01976C}"
	ProjectSection(SolutionItems) = preProject
		global.json = global.json
		NuGet.config = NuGet.config
	EndProjectSection
EndProject
Project("{2150E333-8FDC-42A3-9474-1A3956D46DE8}") = "src", "src", "{A064FABB-8370-4D6F-BF30-9E00241359C5}"
EndProject
Project("{8BB2217D-0F2D-49D1-97BC-3654ED321F3B}") = "DensemPortal.Web", "src\DensemPortal.Web\DensemPortal.Web.xproj", "{EAEE97CC-00A6-4726-9E35-9B6D4A84EAB7}"
EndProject
Global
	GlobalSection(SolutionConfigurationPlatforms) = preSolution
		Debug|Any CPU = Debug|Any CPU
		Release|Any CPU = Release|Any CPU
	EndGlobalSection
	GlobalSection(ProjectConfigurationPlatforms) = postSolution
		{EAEE97CC-00A6-4726-9E35-9B6D4A84EAB7}.Debug|Any CPU.ActiveCfg = Release|Any CPU
		{EAEE97CC-00A6-4726-9E35-9B6D4A84EAB7}.Debug|Any CPU.Build.0 = Release|Any CPU
		{EAEE97CC-00A6-4726-9E35-9B6D4A84EAB7}.Release|Any CPU.ActiveCfg = Release|Any CPU
		{EAEE97CC-00A6-4726-9E35-9B6D4A84EAB7}.Release|Any CPU.Build.0 = Release|Any CPU
	EndGlobalSection
	GlobalSection(SolutionProperties) = preSolution
		HideSolutionNode = FALSE
	EndGlobalSection
	GlobalSection(NestedProjects) = preSolution
		{EAEE97CC-00A6-4726-9E35-9B6D4A84EAB7} = {A064FABB-8370-4D6F-BF30-9E00241359C5}
	EndGlobalSection
EndGlobal
